
Microsoft Visual Studio Solution File, Format Version 12.00
# Visual Studio Version 17
VisualStudioVersion = 17.7.34031.279
MinimumVisualStudioVersion = 10.0.40219.1
Project("{9A19103F-16F7-4668-BE54-9A1E7A4F7556}") = "Catan", "TUI-Catan\Catan.csproj", "{D20A40A7-E8EF-4B7C-AB47-8328A9CD867A}"
EndProject
Project("{9A19103F-16F7-4668-BE54-9A1E7A4F7556}") = "CatanTests", "CatanTests\CatanTests.csproj", "{3236F65C-2345-47E6-8055-3E09E24D041E}"
	ProjectSection(ProjectDependencies) = postProject
		{D20A40A7-E8EF-4B7C-AB47-8328A9CD867A} = {D20A40A7-E8EF-4B7C-AB47-8328A9CD867A}
	EndProjectSection
EndProject
Project("{2150E333-8FDC-42A3-9474-1A3956D46DE8}") = "Solution Items", "Solution Items", "{047ECC5C-70FF-486A-9DAE-D870AFA9F926}"
	ProjectSection(SolutionItems) = preProject
		.editorconfig = .editorconfig
	EndProjectSection
EndProject
Global
	GlobalSection(SolutionConfigurationPlatforms) = preSolution
		Debug|Any CPU = Debug|Any CPU
		Release|Any CPU = Release|Any CPU
	EndGlobalSection
	GlobalSection(ProjectConfigurationPlatforms) = postSolution
		{D20A40A7-E8EF-4B7C-AB47-8328A9CD867A}.Debug|Any CPU.ActiveCfg = Debug|Any CPU
		{D20A40A7-E8EF-4B7C-AB47-8328A9CD867A}.Debug|Any CPU.Build.0 = Debug|Any CPU
		{D20A40A7-E8EF-4B7C-AB47-8328A9CD867A}.Release|Any CPU.ActiveCfg = Release|Any CPU
		{D20A40A7-E8EF-4B7C-AB47-8328A9CD867A}.Release|Any CPU.Build.0 = Release|Any CPU
		{3236F65C-2345-47E6-8055-3E09E24D041E}.Debug|Any CPU.ActiveCfg = Debug|Any CPU
		{3236F65C-2345-47E6-8055-3E09E24D041E}.Debug|Any CPU.Build.0 = Debug|Any CPU
		{3236F65C-2345-47E6-8055-3E09E24D041E}.Release|Any CPU.ActiveCfg = Release|Any CPU
		{3236F65C-2345-47E6-8055-3E09E24D041E}.Release|Any CPU.Build.0 = Release|Any CPU
	EndGlobalSection
	GlobalSection(SolutionProperties) = preSolution
		HideSolutionNode = FALSE
	EndGlobalSection
	GlobalSection(ExtensibilityGlobals) = postSolution
		SolutionGuid = {0E25699C-AEFE-4151-8D61-B80B538B13DA}
	EndGlobalSection
EndGlobal
